
Microsoft Visual Studio Solution File, Format Version 12.00
# Visual Studio Version 17
VisualStudioVersion = 17.3.32922.545
MinimumVisualStudioVersion = 10.0.40219.1
Project("{9A19103F-16F7-4668-BE54-9A1E7A4F7556}") = "BigO.Data.SqlServer", "BigO.Data.SqlServer\BigO.Data.SqlServer.csproj", "{853BD6E5-2B78-4DDC-988B-7B741B4E66A8}"
EndProject
Project("{2150E333-8FDC-42A3-9474-1A3956D46DE8}") = "SQL Scripts", "SQL Scripts", "{4169F82B-8360-4CD6-AC52-3C0D7F11FF21}"
	ProjectSection(SolutionItems) = preProject
		SQL Scripts\GetAllForeignKeys.sql = SQL Scripts\GetAllForeignKeys.sql
		SQL Scripts\GetDatabaseSize.sql = SQL Scripts\GetDatabaseSize.sql
		SQL Scripts\GetHighDbFragmentation.sql = SQL Scripts\GetHighDbFragmentation.sql
		SQL Scripts\GetTableSizes.sql = SQL Scripts\GetTableSizes.sql
		SQL Scripts\RebuildIndexes.sql = SQL Scripts\RebuildIndexes.sql
		SQL Scripts\SQL Server Properties.sql = SQL Scripts\SQL Server Properties.sql
		SQL Scripts\ViewColumns.sql = SQL Scripts\ViewColumns.sql
	EndProjectSection
EndProject
Global
	GlobalSection(SolutionConfigurationPlatforms) = preSolution
		Debug|Any CPU = Debug|Any CPU
		Release|Any CPU = Release|Any CPU
	EndGlobalSection
	GlobalSection(ProjectConfigurationPlatforms) = postSolution
		{853BD6E5-2B78-4DDC-988B-7B741B4E66A8}.Debug|Any CPU.ActiveCfg = Debug|Any CPU
		{853BD6E5-2B78-4DDC-988B-7B741B4E66A8}.Debug|Any CPU.Build.0 = Debug|Any CPU
		{853BD6E5-2B78-4DDC-988B-7B741B4E66A8}.Release|Any CPU.ActiveCfg = Release|Any CPU
		{853BD6E5-2B78-4DDC-988B-7B741B4E66A8}.Release|Any CPU.Build.0 = Release|Any CPU
	EndGlobalSection
	GlobalSection(SolutionProperties) = preSolution
		HideSolutionNode = FALSE
	EndGlobalSection
	GlobalSection(ExtensibilityGlobals) = postSolution
		SolutionGuid = {3C325F25-C26E-49FD-9AA3-FDF48D2F59FD}
	EndGlobalSection
EndGlobal
